// !$*UTF8*$!
{
	archiveVersion = 1;
	classes = {
	};
	objectVersion = 46;
	objects = {

/* Begin PBXBuildFile section */
		C905002515DD9D7000E6683D /* body.cpp in Sources */ = {isa = PBXBuildFile; fileRef = C905001315DD9D7000E6683D /* body.cpp */; };
		C905002615DD9D7000E6683D /* body.hpp in Headers */ = {isa = PBXBuildFile; fileRef = C905001415DD9D7000E6683D /* body.hpp */; };
		C905002715DD9D7000E6683D /* circleshape.cpp in Sources */ = {isa = PBXBuildFile; fileRef = C905001515DD9D7000E6683D /* circleshape.cpp */; };
		C905002815DD9D7000E6683D /* circleshape.hpp in Headers */ = {isa = PBXBuildFile; fileRef = C905001615DD9D7000E6683D /* circleshape.hpp */; };
		C905002915DD9D7000E6683D /* memory.hpp in Headers */ = {isa = PBXBuildFile; fileRef = C905001715DD9D7000E6683D /* memory.hpp */; };
		C905002A15DD9D7000E6683D /* polyshape.cpp in Sources */ = {isa = PBXBuildFile; fileRef = C905001815DD9D7000E6683D /* polyshape.cpp */; };
		C905002B15DD9D7000E6683D /* polyshape.hpp in Headers */ = {isa = PBXBuildFile; fileRef = C905001915DD9D7000E6683D /* polyshape.hpp */; };
		C905002C15DD9D7000E6683D /* segmentqueryinfo.hpp in Headers */ = {isa = PBXBuildFile; fileRef = C905001A15DD9D7000E6683D /* segmentqueryinfo.hpp */; };
		C905002D15DD9D7000E6683D /* segmentshape.cpp in Sources */ = {isa = PBXBuildFile; fileRef = C905001B15DD9D7000E6683D /* segmentshape.cpp */; };
		C905002E15DD9D7000E6683D /* segmentshape.hpp in Headers */ = {isa = PBXBuildFile; fileRef = C905001C15DD9D7000E6683D /* segmentshape.hpp */; };
		C905002F15DD9D7000E6683D /* shape.cpp in Sources */ = {isa = PBXBuildFile; fileRef = C905001D15DD9D7000E6683D /* shape.cpp */; };
		C905003015DD9D7000E6683D /* shape.hpp in Headers */ = {isa = PBXBuildFile; fileRef = C905001E15DD9D7000E6683D /* shape.hpp */; };
		C905003115DD9D7000E6683D /* space.cpp in Sources */ = {isa = PBXBuildFile; fileRef = C905001F15DD9D7000E6683D /* space.cpp */; };
		C905003215DD9D7000E6683D /* space.hpp in Headers */ = {isa = PBXBuildFile; fileRef = C905002015DD9D7000E6683D /* space.hpp */; };
		C905003315DD9D7000E6683D /* types.cpp in Sources */ = {isa = PBXBuildFile; fileRef = C905002115DD9D7000E6683D /* types.cpp */; };
		C905003415DD9D7000E6683D /* types.hpp in Headers */ = {isa = PBXBuildFile; fileRef = C905002215DD9D7000E6683D /* types.hpp */; };
		C905003515DD9D7000E6683D /* vect.cpp in Sources */ = {isa = PBXBuildFile; fileRef = C905002315DD9D7000E6683D /* vect.cpp */; };
		C905003615DD9D7000E6683D /* vect.hpp in Headers */ = {isa = PBXBuildFile; fileRef = C905002415DD9D7000E6683D /* vect.hpp */; };
		C905003715DD9DE100E6683D /* body.cpp in Sources */ = {isa = PBXBuildFile; fileRef = C905001315DD9D7000E6683D /* body.cpp */; };
		C905003815DD9DE100E6683D /* circleshape.cpp in Sources */ = {isa = PBXBuildFile; fileRef = C905001515DD9D7000E6683D /* circleshape.cpp */; };
		C905003915DD9DE100E6683D /* polyshape.cpp in Sources */ = {isa = PBXBuildFile; fileRef = C905001815DD9D7000E6683D /* polyshape.cpp */; };
		C905003A15DD9DE100E6683D /* segmentshape.cpp in Sources */ = {isa = PBXBuildFile; fileRef = C905001B15DD9D7000E6683D /* segmentshape.cpp */; };
		C905003B15DD9DE100E6683D /* shape.cpp in Sources */ = {isa = PBXBuildFile; fileRef = C905001D15DD9D7000E6683D /* shape.cpp */; };
		C905003C15DD9DE100E6683D /* space.cpp in Sources */ = {isa = PBXBuildFile; fileRef = C905001F15DD9D7000E6683D /* space.cpp */; };
		C905003D15DD9DE100E6683D /* types.cpp in Sources */ = {isa = PBXBuildFile; fileRef = C905002115DD9D7000E6683D /* types.cpp */; };
		C905003E15DD9DE100E6683D /* vect.cpp in Sources */ = {isa = PBXBuildFile; fileRef = C905002315DD9D7000E6683D /* vect.cpp */; };
		C906FEAC16235BDF0094E097 /* bb.cpp in Sources */ = {isa = PBXBuildFile; fileRef = C906FEAA16235BDF0094E097 /* bb.cpp */; };
		C906FEAD16235BDF0094E097 /* bb.cpp in Sources */ = {isa = PBXBuildFile; fileRef = C906FEAA16235BDF0094E097 /* bb.cpp */; };
		C906FEAE16235BDF0094E097 /* bb.hpp in Headers */ = {isa = PBXBuildFile; fileRef = C906FEAB16235BDF0094E097 /* bb.hpp */; };
		C906FEAF16235BDF0094E097 /* bb.hpp in Headers */ = {isa = PBXBuildFile; fileRef = C906FEAB16235BDF0094E097 /* bb.hpp */; };
		C97C9A2716174F620016CF62 /* chipmunk++-mac.framework in Frameworks */ = {isa = PBXBuildFile; fileRef = C9BFC3CA152B62F200692B07 /* chipmunk++-mac.framework */; };
		C97C9A2916174F7F0016CF62 /* test.cpp in Sources */ = {isa = PBXBuildFile; fileRef = C97C9A2816174F7F0016CF62 /* test.cpp */; };
		C97C9A2C16174FBB0016CF62 /* libchipmunk.a in Frameworks */ = {isa = PBXBuildFile; fileRef = C97C9A2A16174F9D0016CF62 /* libchipmunk.a */; };
		C9BFC3CD152B62F200692B07 /* Cocoa.framework in Frameworks */ = {isa = PBXBuildFile; fileRef = C9BFC3CC152B62F200692B07 /* Cocoa.framework */; };
		C9BFC3D7152B62F200692B07 /* InfoPlist.strings in Resources */ = {isa = PBXBuildFile; fileRef = C9BFC3D5152B62F200692B07 /* InfoPlist.strings */; };
		C9BFC3FE152B645700692B07 /* chipmunk.cpp in Sources */ = {isa = PBXBuildFile; fileRef = C99DC5C71528D5D200779081 /* chipmunk.cpp */; };
		C9C95B6B1529C2AB008EA579 /* InfoPlist.strings in Resources */ = {isa = PBXBuildFile; fileRef = C9C95B691529C2AB008EA579 /* InfoPlist.strings */; };
		C9C95B8F1529C2E4008EA579 /* chipmunk.cpp in Sources */ = {isa = PBXBuildFile; fileRef = C99DC5C71528D5D200779081 /* chipmunk.cpp */; };
/* End PBXBuildFile section */

/* Begin PBXCopyFilesBuildPhase section */
		C97C9A1A16174F570016CF62 /* CopyFiles */ = {
			isa = PBXCopyFilesBuildPhase;
			buildActionMask = 2147483647;
			dstPath = /usr/share/man/man1/;
			dstSubfolderSpec = 0;
			files = (
			);
			runOnlyForDeploymentPostprocessing = 1;
		};
/* End PBXCopyFilesBuildPhase section */

/* Begin PBXFileReference section */
		C905001315DD9D7000E6683D /* body.cpp */ = {isa = PBXFileReference; fileEncoding = 4; lastKnownFileType = sourcecode.cpp.cpp; name = body.cpp; path = chipmunkpp/body.cpp; sourceTree = "<group>"; };
		C905001415DD9D7000E6683D /* body.hpp */ = {isa = PBXFileReference; fileEncoding = 4; lastKnownFileType = sourcecode.cpp.h; name = body.hpp; path = chipmunkpp/body.hpp; sourceTree = "<group>"; };
		C905001515DD9D7000E6683D /* circleshape.cpp */ = {isa = PBXFileReference; fileEncoding = 4; lastKnownFileType = sourcecode.cpp.cpp; name = circleshape.cpp; path = chipmunkpp/circleshape.cpp; sourceTree = "<group>"; };
		C905001615DD9D7000E6683D /* circleshape.hpp */ = {isa = PBXFileReference; fileEncoding = 4; lastKnownFileType = sourcecode.cpp.h; name = circleshape.hpp; path = chipmunkpp/circleshape.hpp; sourceTree = "<group>"; };
		C905001715DD9D7000E6683D /* memory.hpp */ = {isa = PBXFileReference; fileEncoding = 4; lastKnownFileType = sourcecode.cpp.h; name = memory.hpp; path = chipmunkpp/memory.hpp; sourceTree = "<group>"; };
		C905001815DD9D7000E6683D /* polyshape.cpp */ = {isa = PBXFileReference; fileEncoding = 4; lastKnownFileType = sourcecode.cpp.cpp; name = polyshape.cpp; path = chipmunkpp/polyshape.cpp; sourceTree = "<group>"; };
		C905001915DD9D7000E6683D /* polyshape.hpp */ = {isa = PBXFileReference; fileEncoding = 4; lastKnownFileType = sourcecode.cpp.h; name = polyshape.hpp; path = chipmunkpp/polyshape.hpp; sourceTree = "<group>"; };
		C905001A15DD9D7000E6683D /* segmentqueryinfo.hpp */ = {isa = PBXFileReference; fileEncoding = 4; lastKnownFileType = sourcecode.cpp.h; name = segmentqueryinfo.hpp; path = chipmunkpp/segmentqueryinfo.hpp; sourceTree = "<group>"; };
		C905001B15DD9D7000E6683D /* segmentshape.cpp */ = {isa = PBXFileReference; fileEncoding = 4; lastKnownFileType = sourcecode.cpp.cpp; name = segmentshape.cpp; path = chipmunkpp/segmentshape.cpp; sourceTree = "<group>"; };
		C905001C15DD9D7000E6683D /* segmentshape.hpp */ = {isa = PBXFileReference; fileEncoding = 4; lastKnownFileType = sourcecode.cpp.h; name = segmentshape.hpp; path = chipmunkpp/segmentshape.hpp; sourceTree = "<group>"; };
		C905001D15DD9D7000E6683D /* shape.cpp */ = {isa = PBXFileReference; fileEncoding = 4; lastKnownFileType = sourcecode.cpp.cpp; name = shape.cpp; path = chipmunkpp/shape.cpp; sourceTree = "<group>"; };
		C905001E15DD9D7000E6683D /* shape.hpp */ = {isa = PBXFileReference; fileEncoding = 4; lastKnownFileType = sourcecode.cpp.h; name = shape.hpp; path = chipmunkpp/shape.hpp; sourceTree = "<group>"; };
		C905001F15DD9D7000E6683D /* space.cpp */ = {isa = PBXFileReference; fileEncoding = 4; lastKnownFileType = sourcecode.cpp.cpp; name = space.cpp; path = chipmunkpp/space.cpp; sourceTree = "<group>"; };
		C905002015DD9D7000E6683D /* space.hpp */ = {isa = PBXFileReference; fileEncoding = 4; lastKnownFileType = sourcecode.cpp.h; name = space.hpp; path = chipmunkpp/space.hpp; sourceTree = "<group>"; };
		C905002115DD9D7000E6683D /* types.cpp */ = {isa = PBXFileReference; fileEncoding = 4; lastKnownFileType = sourcecode.cpp.cpp; name = types.cpp; path = chipmunkpp/types.cpp; sourceTree = "<group>"; };
		C905002215DD9D7000E6683D /* types.hpp */ = {isa = PBXFileReference; fileEncoding = 4; lastKnownFileType = sourcecode.cpp.h; name = types.hpp; path = chipmunkpp/types.hpp; sourceTree = "<group>"; };
		C905002315DD9D7000E6683D /* vect.cpp */ = {isa = PBXFileReference; fileEncoding = 4; lastKnownFileType = sourcecode.cpp.cpp; name = vect.cpp; path = chipmunkpp/vect.cpp; sourceTree = "<group>"; };
		C905002415DD9D7000E6683D /* vect.hpp */ = {isa = PBXFileReference; fileEncoding = 4; lastKnownFileType = sourcecode.cpp.h; name = vect.hpp; path = chipmunkpp/vect.hpp; sourceTree = "<group>"; };
		C906FEAA16235BDF0094E097 /* bb.cpp */ = {isa = PBXFileReference; fileEncoding = 4; lastKnownFileType = sourcecode.cpp.cpp; name = bb.cpp; path = chipmunkpp/bb.cpp; sourceTree = "<group>"; };
		C906FEAB16235BDF0094E097 /* bb.hpp */ = {isa = PBXFileReference; fileEncoding = 4; lastKnownFileType = sourcecode.cpp.h; name = bb.hpp; path = chipmunkpp/bb.hpp; sourceTree = "<group>"; };
		C97C9A1C16174F570016CF62 /* Test */ = {isa = PBXFileReference; explicitFileType = "compiled.mach-o.executable"; includeInIndex = 0; path = Test; sourceTree = BUILT_PRODUCTS_DIR; };
		C97C9A2816174F7F0016CF62 /* test.cpp */ = {isa = PBXFileReference; fileEncoding = 4; lastKnownFileType = sourcecode.cpp.cpp; name = test.cpp; path = ../../test.cpp; sourceTree = "<group>"; };
		C97C9A2A16174F9D0016CF62 /* libchipmunk.a */ = {isa = PBXFileReference; lastKnownFileType = archive.ar; name = libchipmunk.a; path = ../chipmunk/src/libchipmunk.a; sourceTree = "<group>"; };
		C99DC5C71528D5D200779081 /* chipmunk.cpp */ = {isa = PBXFileReference; fileEncoding = 4; lastKnownFileType = sourcecode.cpp.cpp; path = chipmunk.cpp; sourceTree = "<group>"; };
		C9BFC3CA152B62F200692B07 /* chipmunk++-mac.framework */ = {isa = PBXFileReference; explicitFileType = wrapper.framework; includeInIndex = 0; path = "chipmunk++-mac.framework"; sourceTree = BUILT_PRODUCTS_DIR; };
		C9BFC3CC152B62F200692B07 /* Cocoa.framework */ = {isa = PBXFileReference; lastKnownFileType = wrapper.framework; name = Cocoa.framework; path = Library/Frameworks/Cocoa.framework; sourceTree = DEVELOPER_DIR; };
		C9BFC3CF152B62F200692B07 /* AppKit.framework */ = {isa = PBXFileReference; lastKnownFileType = wrapper.framework; name = AppKit.framework; path = Library/Frameworks/AppKit.framework; sourceTree = SDKROOT; };
		C9BFC3D0152B62F200692B07 /* CoreData.framework */ = {isa = PBXFileReference; lastKnownFileType = wrapper.framework; name = CoreData.framework; path = Library/Frameworks/CoreData.framework; sourceTree = SDKROOT; };
		C9BFC3D1152B62F200692B07 /* Foundation.framework */ = {isa = PBXFileReference; lastKnownFileType = wrapper.framework; name = Foundation.framework; path = Library/Frameworks/Foundation.framework; sourceTree = SDKROOT; };
		C9BFC3D4152B62F200692B07 /* chipmunk++-mac-Info.plist */ = {isa = PBXFileReference; lastKnownFileType = text.plist.xml; path = "chipmunk++-mac-Info.plist"; sourceTree = "<group>"; };
		C9BFC3D6152B62F200692B07 /* en */ = {isa = PBXFileReference; lastKnownFileType = text.plist.strings; name = en; path = en.lproj/InfoPlist.strings; sourceTree = "<group>"; };
		C9BFC3D8152B62F200692B07 /* chipmunk++-mac-Prefix.pch */ = {isa = PBXFileReference; lastKnownFileType = sourcecode.c.h; path = "chipmunk++-mac-Prefix.pch"; sourceTree = "<group>"; };
		C9BFC3D9152B62F200692B07 /* chipmunk___mac.h */ = {isa = PBXFileReference; lastKnownFileType = sourcecode.c.h; path = "chipmunk___mac.h"; sourceTree = "<group>"; };
		C9BFC3DA152B62F200692B07 /* chipmunk___mac.m */ = {isa = PBXFileReference; lastKnownFileType = sourcecode.c.objc; path = "chipmunk___mac.m"; sourceTree = "<group>"; };
		C9C95B651529C2AB008EA579 /* chipmunk++.framework */ = {isa = PBXFileReference; explicitFileType = wrapper.cfbundle; includeInIndex = 0; path = "chipmunk++.framework"; sourceTree = BUILT_PRODUCTS_DIR; };
		C9C95B681529C2AB008EA579 /* chipmunk++-Info.plist */ = {isa = PBXFileReference; lastKnownFileType = text.plist.xml; path = "chipmunk++-Info.plist"; sourceTree = "<group>"; };
		C9C95B6A1529C2AB008EA579 /* en */ = {isa = PBXFileReference; lastKnownFileType = text.plist.strings; name = en; path = en.lproj/InfoPlist.strings; sourceTree = "<group>"; };
		C9C95B6C1529C2AB008EA579 /* chipmunk++-Prefix.pch */ = {isa = PBXFileReference; lastKnownFileType = sourcecode.c.h; path = "chipmunk++-Prefix.pch"; sourceTree = "<group>"; };
/* End PBXFileReference section */

/* Begin PBXFrameworksBuildPhase section */
		C97C9A1916174F570016CF62 /* Frameworks */ = {
			isa = PBXFrameworksBuildPhase;
			buildActionMask = 2147483647;
			files = (
				C97C9A2716174F620016CF62 /* chipmunk++-mac.framework in Frameworks */,
			);
			runOnlyForDeploymentPostprocessing = 0;
		};
		C9BFC3C6152B62F200692B07 /* Frameworks */ = {
			isa = PBXFrameworksBuildPhase;
			buildActionMask = 2147483647;
			files = (
				C97C9A2C16174FBB0016CF62 /* libchipmunk.a in Frameworks */,
				C9BFC3CD152B62F200692B07 /* Cocoa.framework in Frameworks */,
			);
			runOnlyForDeploymentPostprocessing = 0;
		};
		C9C95B5F1529C2AB008EA579 /* Frameworks */ = {
			isa = PBXFrameworksBuildPhase;
			buildActionMask = 2147483647;
			files = (
			);
			runOnlyForDeploymentPostprocessing = 0;
		};
/* End PBXFrameworksBuildPhase section */

/* Begin PBXGroup section */
		C905001215DD9D5300E6683D /* chipmunkpp */ = {
			isa = PBXGroup;
			children = (
				C906FEAA16235BDF0094E097 /* bb.cpp */,
				C906FEAB16235BDF0094E097 /* bb.hpp */,
				C905001315DD9D7000E6683D /* body.cpp */,
				C905001415DD9D7000E6683D /* body.hpp */,
				C905001515DD9D7000E6683D /* circleshape.cpp */,
				C905001615DD9D7000E6683D /* circleshape.hpp */,
				C905001715DD9D7000E6683D /* memory.hpp */,
				C905001815DD9D7000E6683D /* polyshape.cpp */,
				C905001915DD9D7000E6683D /* polyshape.hpp */,
				C905001A15DD9D7000E6683D /* segmentqueryinfo.hpp */,
				C905001B15DD9D7000E6683D /* segmentshape.cpp */,
				C905001C15DD9D7000E6683D /* segmentshape.hpp */,
				C905001D15DD9D7000E6683D /* shape.cpp */,
				C905001E15DD9D7000E6683D /* shape.hpp */,
				C905001F15DD9D7000E6683D /* space.cpp */,
				C905002015DD9D7000E6683D /* space.hpp */,
				C905002115DD9D7000E6683D /* types.cpp */,
				C905002215DD9D7000E6683D /* types.hpp */,
				C905002315DD9D7000E6683D /* vect.cpp */,
				C905002415DD9D7000E6683D /* vect.hpp */,
			);
			name = chipmunkpp;
			sourceTree = "<group>";
		};
		C97C9A1E16174F570016CF62 /* Test */ = {
			isa = PBXGroup;
			children = (
				C97C9A2816174F7F0016CF62 /* test.cpp */,
			);
			path = Test;
			sourceTree = "<group>";
		};
		C99DC53A1528D18000779081 = {
			isa = PBXGroup;
			children = (
				C97C9A2A16174F9D0016CF62 /* libchipmunk.a */,
				C99DC5C41528D5D200779081 /* src */,
				C9C95B661529C2AB008EA579 /* chipmunk++ */,
				C9BFC3D2152B62F200692B07 /* chipmunk++-mac */,
				C97C9A1E16174F570016CF62 /* Test */,
				C9BFC3CB152B62F200692B07 /* Frameworks */,
				C99DC5461528D18100779081 /* Products */,
			);
			sourceTree = "<group>";
		};
		C99DC5461528D18100779081 /* Products */ = {
			isa = PBXGroup;
			children = (
				C9C95B651529C2AB008EA579 /* chipmunk++.framework */,
				C9BFC3CA152B62F200692B07 /* chipmunk++-mac.framework */,
				C97C9A1C16174F570016CF62 /* Test */,
			);
			name = Products;
			sourceTree = "<group>";
		};
		C99DC5C41528D5D200779081 /* src */ = {
			isa = PBXGroup;
			children = (
				C905001215DD9D5300E6683D /* chipmunkpp */,
				C99DC5C71528D5D200779081 /* chipmunk.cpp */,
			);
			name = src;
			path = ../src;
			sourceTree = "<group>";
		};
		C9BFC3CB152B62F200692B07 /* Frameworks */ = {
			isa = PBXGroup;
			children = (
				C9BFC3CC152B62F200692B07 /* Cocoa.framework */,
				C9BFC3CE152B62F200692B07 /* Other Frameworks */,
			);
			name = Frameworks;
			sourceTree = "<group>";
		};
		C9BFC3CE152B62F200692B07 /* Other Frameworks */ = {
			isa = PBXGroup;
			children = (
				C9BFC3CF152B62F200692B07 /* AppKit.framework */,
				C9BFC3D0152B62F200692B07 /* CoreData.framework */,
				C9BFC3D1152B62F200692B07 /* Foundation.framework */,
			);
			name = "Other Frameworks";
			sourceTree = "<group>";
		};
		C9BFC3D2152B62F200692B07 /* chipmunk++-mac */ = {
			isa = PBXGroup;
			children = (
				C9BFC3D9152B62F200692B07 /* chipmunk___mac.h */,
				C9BFC3DA152B62F200692B07 /* chipmunk___mac.m */,
				C9BFC3D3152B62F200692B07 /* Supporting Files */,
			);
			path = "chipmunk++-mac";
			sourceTree = "<group>";
		};
		C9BFC3D3152B62F200692B07 /* Supporting Files */ = {
			isa = PBXGroup;
			children = (
				C9BFC3D4152B62F200692B07 /* chipmunk++-mac-Info.plist */,
				C9BFC3D5152B62F200692B07 /* InfoPlist.strings */,
				C9BFC3D8152B62F200692B07 /* chipmunk++-mac-Prefix.pch */,
			);
			name = "Supporting Files";
			sourceTree = "<group>";
		};
		C9C95B661529C2AB008EA579 /* chipmunk++ */ = {
			isa = PBXGroup;
			children = (
				C9C95B671529C2AB008EA579 /* Supporting Files */,
			);
			path = "chipmunk++";
			sourceTree = "<group>";
		};
		C9C95B671529C2AB008EA579 /* Supporting Files */ = {
			isa = PBXGroup;
			children = (
				C9C95B681529C2AB008EA579 /* chipmunk++-Info.plist */,
				C9C95B691529C2AB008EA579 /* InfoPlist.strings */,
				C9C95B6C1529C2AB008EA579 /* chipmunk++-Prefix.pch */,
			);
			name = "Supporting Files";
			sourceTree = "<group>";
		};
/* End PBXGroup section */

/* Begin PBXHeadersBuildPhase section */
		C9BFC3C7152B62F200692B07 /* Headers */ = {
			isa = PBXHeadersBuildPhase;
			buildActionMask = 2147483647;
			files = (
				C906FEAF16235BDF0094E097 /* bb.hpp in Headers */,
			);
			runOnlyForDeploymentPostprocessing = 0;
		};
		C9C95B601529C2AB008EA579 /* Headers */ = {
			isa = PBXHeadersBuildPhase;
			buildActionMask = 2147483647;
			files = (
				C905002615DD9D7000E6683D /* body.hpp in Headers */,
				C905002815DD9D7000E6683D /* circleshape.hpp in Headers */,
				C905002915DD9D7000E6683D /* memory.hpp in Headers */,
				C905002B15DD9D7000E6683D /* polyshape.hpp in Headers */,
				C905002C15DD9D7000E6683D /* segmentqueryinfo.hpp in Headers */,
				C905002E15DD9D7000E6683D /* segmentshape.hpp in Headers */,
				C905003015DD9D7000E6683D /* shape.hpp in Headers */,
				C905003215DD9D7000E6683D /* space.hpp in Headers */,
				C905003415DD9D7000E6683D /* types.hpp in Headers */,
				C905003615DD9D7000E6683D /* vect.hpp in Headers */,
				C906FEAE16235BDF0094E097 /* bb.hpp in Headers */,
			);
			runOnlyForDeploymentPostprocessing = 0;
		};
/* End PBXHeadersBuildPhase section */

/* Begin PBXNativeTarget section */
		C97C9A1B16174F570016CF62 /* Test */ = {
			isa = PBXNativeTarget;
			buildConfigurationList = C97C9A2516174F570016CF62 /* Build configuration list for PBXNativeTarget "Test" */;
			buildPhases = (
				C97C9A1816174F570016CF62 /* Sources */,
				C97C9A1916174F570016CF62 /* Frameworks */,
				C97C9A1A16174F570016CF62 /* CopyFiles */,
			);
			buildRules = (
			);
			dependencies = (
			);
			name = Test;
			productName = Test;
			productReference = C97C9A1C16174F570016CF62 /* Test */;
			productType = "com.apple.product-type.tool";
		};
		C9BFC3C9152B62F200692B07 /* chipmunk++-mac */ = {
			isa = PBXNativeTarget;
			buildConfigurationList = C9BFC3DE152B62F200692B07 /* Build configuration list for PBXNativeTarget "chipmunk++-mac" */;
			buildPhases = (
				C9BFC3C5152B62F200692B07 /* Sources */,
				C9BFC3C6152B62F200692B07 /* Frameworks */,
				C9BFC3C7152B62F200692B07 /* Headers */,
				C9BFC3C8152B62F200692B07 /* Resources */,
			);
			buildRules = (
			);
			dependencies = (
			);
			name = "chipmunk++-mac";
			productName = "chipmunk++-mac";
			productReference = C9BFC3CA152B62F200692B07 /* chipmunk++-mac.framework */;
			productType = "com.apple.product-type.framework";
		};
		C9C95B641529C2AB008EA579 /* chipmunk++ */ = {
			isa = PBXNativeTarget;
			buildConfigurationList = C9C95B6F1529C2AB008EA579 /* Build configuration list for PBXNativeTarget "chipmunk++" */;
			buildPhases = (
				C9C95B5D1529C2AB008EA579 /* ShellScript */,
				C9C95B5E1529C2AB008EA579 /* Sources */,
				C9C95B5F1529C2AB008EA579 /* Frameworks */,
				C9C95B601529C2AB008EA579 /* Headers */,
				C9C95B611529C2AB008EA579 /* Resources */,
				C9C95B621529C2AB008EA579 /* ShellScript */,
				C9C95B631529C2AB008EA579 /* ShellScript */,
			);
			buildRules = (
			);
			dependencies = (
			);
			name = "chipmunk++";
			productName = "chipmunk++";
			productReference = C9C95B651529C2AB008EA579 /* chipmunk++.framework */;
			productType = "com.apple.product-type.bundle";
		};
/* End PBXNativeTarget section */

/* Begin PBXProject section */
		C99DC53C1528D18100779081 /* Project object */ = {
			isa = PBXProject;
			attributes = {
				LastUpgradeCheck = 0440;
			};
			buildConfigurationList = C99DC53F1528D18100779081 /* Build configuration list for PBXProject "chipmunkpp" */;
			compatibilityVersion = "Xcode 3.2";
			developmentRegion = English;
			hasScannedForEncodings = 0;
			knownRegions = (
				en,
			);
			mainGroup = C99DC53A1528D18000779081;
			productRefGroup = C99DC5461528D18100779081 /* Products */;
			projectDirPath = "";
			projectRoot = "";
			targets = (
				C9C95B641529C2AB008EA579 /* chipmunk++ */,
				C9BFC3C9152B62F200692B07 /* chipmunk++-mac */,
				C97C9A1B16174F570016CF62 /* Test */,
			);
		};
/* End PBXProject section */

/* Begin PBXResourcesBuildPhase section */
		C9BFC3C8152B62F200692B07 /* Resources */ = {
			isa = PBXResourcesBuildPhase;
			buildActionMask = 2147483647;
			files = (
				C9BFC3D7152B62F200692B07 /* InfoPlist.strings in Resources */,
			);
			runOnlyForDeploymentPostprocessing = 0;
		};
		C9C95B611529C2AB008EA579 /* Resources */ = {
			isa = PBXResourcesBuildPhase;
			buildActionMask = 2147483647;
			files = (
				C9C95B6B1529C2AB008EA579 /* InfoPlist.strings in Resources */,
			);
			runOnlyForDeploymentPostprocessing = 0;
		};
/* End PBXResourcesBuildPhase section */

/* Begin PBXShellScriptBuildPhase section */
		C9C95B5D1529C2AB008EA579 /* ShellScript */ = {
			isa = PBXShellScriptBuildPhase;
			buildActionMask = 2147483647;
			files = (
			);
			inputPaths = (
			);
			outputPaths = (
			);
			runOnlyForDeploymentPostprocessing = 0;
			shellPath = /bin/sh;
			shellScript = "set -e\n\nset +u\nif [[ $UFW_MASTER_SCRIPT_RUNNING ]]\nthen\n    # Nothing for the slave script to do\n    exit 0\nfi\nset -u\n\nif [[ \"$SDK_NAME\" =~ ([A-Za-z]+) ]]\nthen\n    UFW_SDK_PLATFORM=${BASH_REMATCH[1]}\nelse\n    echo \"Could not find platform name from SDK_NAME: $SDK_NAME\"\n    exit 1\nfi\n\nif [[ \"$SDK_NAME\" =~ ([0-9]+.*$) ]]\nthen\n\tUFW_SDK_VERSION=${BASH_REMATCH[1]}\nelse\n    echo \"Could not find sdk version  from SDK_NAME: $SDK_NAME\"\n    exit 1\nfi\n\nif [[ \"$UFW_SDK_PLATFORM\" = \"iphoneos\" ]]\nthen\n    UFW_OTHER_PLATFORM=iphonesimulator\nelse\n    UFW_OTHER_PLATFORM=iphoneos\nfi\n\nif [[ \"$BUILT_PRODUCTS_DIR\" =~ (.*)$UFW_SDK_PLATFORM$ ]]\nthen\n    UFW_OTHER_BUILT_PRODUCTS_DIR=\"${BASH_REMATCH[1]}${UFW_OTHER_PLATFORM}\"\nelse\n    echo \"Could not find $UFW_SDK_PLATFORM in $BUILT_PRODUCTS_DIR\"\n    exit 1\nfi\n\n\n# Short-circuit if all binaries are up to date\n\nif [[ -f \"${BUILT_PRODUCTS_DIR}/${EXECUTABLE_PATH}\" ]] && \\\n   [[ -f \"${BUILT_PRODUCTS_DIR}/${PRODUCT_NAME}.embeddedframework/${EXECUTABLE_PATH}\" ]] && \\\n   [[ ! \"${BUILT_PRODUCTS_DIR}/${EXECUTABLE_PATH}\" -nt \"${BUILT_PRODUCTS_DIR}/${PRODUCT_NAME}.embeddedframework/${EXECUTABLE_PATH}\" ]]\n   [[ -f \"${UFW_OTHER_BUILT_PRODUCTS_DIR}/${EXECUTABLE_PATH}\" ]] && \\\n   [[ -f \"${UFW_OTHER_BUILT_PRODUCTS_DIR}/${PRODUCT_NAME}.embeddedframework/${EXECUTABLE_PATH}\" ]] && \\\n   [[ ! \"${UFW_OTHER_BUILT_PRODUCTS_DIR}/${EXECUTABLE_PATH}\" -nt \"${UFW_OTHER_BUILT_PRODUCTS_DIR}/${PRODUCT_NAME}.embeddedframework/${EXECUTABLE_PATH}\" ]]\nthen\n    exit 0\nfi\n\n\n# Clean other platform if needed\n\nif [[ ! -f \"${BUILT_PRODUCTS_DIR}/${EXECUTABLE_PATH}\" ]]\nthen\n\techo \"Platform \\\"$UFW_SDK_PLATFORM\\\" was cleaned recently. Cleaning \\\"$UFW_OTHER_PLATFORM\\\" as well\"\n\techo xcodebuild -project \"${PROJECT_FILE_PATH}\" -target \"${TARGET_NAME}\" -configuration \"${CONFIGURATION}\" -sdk ${UFW_OTHER_PLATFORM}${UFW_SDK_VERSION} BUILD_DIR=\"${BUILD_DIR}\" CONFIGURATION_TEMP_DIR=\"${PROJECT_TEMP_DIR}/${CONFIGURATION}-${UFW_OTHER_PLATFORM}\" clean\n\txcodebuild -project \"${PROJECT_FILE_PATH}\" -target \"${TARGET_NAME}\" -configuration \"${CONFIGURATION}\" -sdk ${UFW_OTHER_PLATFORM}${UFW_SDK_VERSION} BUILD_DIR=\"${BUILD_DIR}\" CONFIGURATION_TEMP_DIR=\"${PROJECT_TEMP_DIR}/${CONFIGURATION}-${UFW_OTHER_PLATFORM}\" clean\nfi\n\n\n# Make sure we are building from fresh binaries\n\nrm -rf \"${BUILT_PRODUCTS_DIR}/${EXECUTABLE_PATH}\"\nrm -rf \"${BUILT_PRODUCTS_DIR}/${PRODUCT_NAME}.embeddedframework\"\nrm -rf \"${UFW_OTHER_BUILT_PRODUCTS_DIR}/${EXECUTABLE_PATH}\"\nrm -rf \"${UFW_OTHER_BUILT_PRODUCTS_DIR}/${PRODUCT_NAME}.embeddedframework\"\n";
		};
		C9C95B621529C2AB008EA579 /* ShellScript */ = {
			isa = PBXShellScriptBuildPhase;
			buildActionMask = 2147483647;
			files = (
			);
			inputPaths = (
			);
			outputPaths = (
			);
			runOnlyForDeploymentPostprocessing = 0;
			shellPath = /bin/sh;
			shellScript = "HEADERS_ROOT=$SRCROOT/$PRODUCT_NAME\nFRAMEWORK_HEADERS_DIR=\"$BUILT_PRODUCTS_DIR/$WRAPPER_NAME/Versions/$FRAMEWORK_VERSION/Headers\"\n\n## only header files expected at this point\nPUBLIC_HEADERS=$(find $FRAMEWORK_HEADERS_DIR/. -not -type d 2> /dev/null | sed -e \"s@.*/@@g\")\n\nFIND_OPTS=\"\"\nfor PUBLIC_HEADER in $PUBLIC_HEADERS; do\n  if [ -n \"$FIND_OPTS\" ]; then\n    FIND_OPTS=\"$FIND_OPTS -o\"\n  fi\n  FIND_OPTS=\"$FIND_OPTS -name '$PUBLIC_HEADER'\"\ndone\n\nif [ -n \"$FIND_OPTS\" ]; then\n  for ORIG_HEADER in $(eval \"find $HEADERS_ROOT/. $FIND_OPTS\" 2> /dev/null | sed -e \"s@^$HEADERS_ROOT/./@@g\"); do\n    PUBLIC_HEADER=$(basename $ORIG_HEADER)\n    RELATIVE_PATH=$(dirname $ORIG_HEADER)\n    if [ -e $FRAMEWORK_HEADERS_DIR/$PUBLIC_HEADER ]; then\n      mkdir -p \"$FRAMEWORK_HEADERS_DIR/$RELATIVE_PATH\"\n      mv \"$FRAMEWORK_HEADERS_DIR/$PUBLIC_HEADER\" \"$FRAMEWORK_HEADERS_DIR/$RELATIVE_PATH/$PUBLIC_HEADER\"\n    fi\n  done\nfi\n";
		};
		C9C95B631529C2AB008EA579 /* ShellScript */ = {
			isa = PBXShellScriptBuildPhase;
			buildActionMask = 2147483647;
			files = (
			);
			inputPaths = (
			);
			outputPaths = (
			);
			runOnlyForDeploymentPostprocessing = 0;
			shellPath = /bin/sh;
			shellScript = "set -e\n\nset +u\nif [[ $UFW_MASTER_SCRIPT_RUNNING ]]\nthen\n    # Nothing for the slave script to do\n    exit 0\nfi\nset -u\nexport UFW_MASTER_SCRIPT_RUNNING=1\n\n\n# Functions\n\n## List files in the specified directory, storing to the specified array.\n#\n# @param $1 The path to list\n# @param $2 The name of the array to fill\n#\n##\nlist_files ()\n{\n    filelist=$(ls \"$1\")\n    while read line\n    do\n        eval \"$2[\\${#$2[*]}]=\\\"\\$line\\\"\"\n    done <<< \"$filelist\"\n}\n\n\n# Sanity check\n\nif [[ ! -f \"${BUILT_PRODUCTS_DIR}/${EXECUTABLE_PATH}\" ]]\nthen\n    echo \"Framework target \\\"${TARGET_NAME}\\\" had no source files to build from. Make sure your source files have the correct target membership\"\n    exit 1\nfi\n\n\n# Gather information\n\nif [[ \"$SDK_NAME\" =~ ([A-Za-z]+) ]]\nthen\n    UFW_SDK_PLATFORM=${BASH_REMATCH[1]}\nelse\n    echo \"Could not find platform name from SDK_NAME: $SDK_NAME\"\n    exit 1\nfi\n\nif [[ \"$SDK_NAME\" =~ ([0-9]+.*$) ]]\nthen\n    UFW_SDK_VERSION=${BASH_REMATCH[1]}\nelse\n    echo \"Could not find sdk version from SDK_NAME: $SDK_NAME\"\n    exit 1\nfi\n\nif [[ \"$UFW_SDK_PLATFORM\" = \"iphoneos\" ]]\nthen\n    UFW_OTHER_PLATFORM=iphonesimulator\nelse\n    UFW_OTHER_PLATFORM=iphoneos\nfi\n\nif [[ \"$BUILT_PRODUCTS_DIR\" =~ (.*)$UFW_SDK_PLATFORM$ ]]\nthen\n    UFW_OTHER_BUILT_PRODUCTS_DIR=\"${BASH_REMATCH[1]}${UFW_OTHER_PLATFORM}\"\nelse\n    echo \"Could not find $UFW_SDK_PLATFORM in $BUILT_PRODUCTS_DIR\"\n    exit 1\nfi\n\n\n# Short-circuit if all binaries are up to date.\n# We already checked the other platform in the prerun script.\n\nif [[ -f \"${BUILT_PRODUCTS_DIR}/${EXECUTABLE_PATH}\" ]] && [[ -f \"${BUILT_PRODUCTS_DIR}/${PRODUCT_NAME}.embeddedframework/${EXECUTABLE_PATH}\" ]] && [[ ! \"${BUILT_PRODUCTS_DIR}/${EXECUTABLE_PATH}\" -nt \"${BUILT_PRODUCTS_DIR}/${PRODUCT_NAME}.embeddedframework/${EXECUTABLE_PATH}\" ]]\nthen\n    exit 0\nfi\n\n\n# Make sure the other platform gets built\n\necho \"Build other platform\"\n\necho xcodebuild -project \"${PROJECT_FILE_PATH}\" -target \"${TARGET_NAME}\" -configuration \"${CONFIGURATION}\" -sdk ${UFW_OTHER_PLATFORM}${UFW_SDK_VERSION} BUILD_DIR=\"${BUILD_DIR}\" CONFIGURATION_TEMP_DIR=\"${PROJECT_TEMP_DIR}/${CONFIGURATION}-${UFW_OTHER_PLATFORM}\" $ACTION\nxcodebuild -project \"${PROJECT_FILE_PATH}\" -target \"${TARGET_NAME}\" -configuration \"${CONFIGURATION}\" -sdk ${UFW_OTHER_PLATFORM}${UFW_SDK_VERSION} BUILD_DIR=\"${BUILD_DIR}\" CONFIGURATION_TEMP_DIR=\"${PROJECT_TEMP_DIR}/${CONFIGURATION}-${UFW_OTHER_PLATFORM}\" $ACTION\n\n\n# Build the fat static library binary\n\necho \"Create universal static library\"\n\necho \"$PLATFORM_DEVELOPER_BIN_DIR/libtool\" -static \"${BUILT_PRODUCTS_DIR}/${EXECUTABLE_PATH}\" \"${UFW_OTHER_BUILT_PRODUCTS_DIR}/${EXECUTABLE_PATH}\" -o \"${BUILT_PRODUCTS_DIR}/${EXECUTABLE_PATH}.temp\"\n\"$PLATFORM_DEVELOPER_BIN_DIR/libtool\" -static \"${BUILT_PRODUCTS_DIR}/${EXECUTABLE_PATH}\" \"${UFW_OTHER_BUILT_PRODUCTS_DIR}/${EXECUTABLE_PATH}\" -o \"${BUILT_PRODUCTS_DIR}/${EXECUTABLE_PATH}.temp\"\n\necho mv \"${BUILT_PRODUCTS_DIR}/${EXECUTABLE_PATH}.temp\" \"${BUILT_PRODUCTS_DIR}/${EXECUTABLE_PATH}\"\nmv \"${BUILT_PRODUCTS_DIR}/${EXECUTABLE_PATH}.temp\" \"${BUILT_PRODUCTS_DIR}/${EXECUTABLE_PATH}\"\n\n\n# Build framework structure\n\necho \"Build symlinks\"\n\necho ln -sfh A \"${BUILT_PRODUCTS_DIR}/${WRAPPER_NAME}/Versions/Current\"\nln -sfh A \"${BUILT_PRODUCTS_DIR}/${WRAPPER_NAME}/Versions/Current\"\necho ln -sfh Versions/Current/Headers \"${BUILT_PRODUCTS_DIR}/${WRAPPER_NAME}/Headers\"\nln -sfh Versions/Current/Headers \"${BUILT_PRODUCTS_DIR}/${WRAPPER_NAME}/Headers\"\necho ln -sfh Versions/Current/Resources \"${BUILT_PRODUCTS_DIR}/${WRAPPER_NAME}/Resources\"\nln -sfh Versions/Current/Resources \"${BUILT_PRODUCTS_DIR}/${WRAPPER_NAME}/Resources\"\necho ln -sfh \"Versions/Current/${EXECUTABLE_NAME}\" \"${BUILT_PRODUCTS_DIR}/${WRAPPER_NAME}/${EXECUTABLE_NAME}\"\nln -sfh \"Versions/Current/${EXECUTABLE_NAME}\" \"${BUILT_PRODUCTS_DIR}/${WRAPPER_NAME}/${EXECUTABLE_NAME}\"\n\n\n# Link to binary for unit tests\n\nmkdir -p \"${BUILT_PRODUCTS_DIR}/.fake_fw_testing.framework\"\nln -sfh \"../${WRAPPER_NAME}/${EXECUTABLE_NAME}\" \"${BUILT_PRODUCTS_DIR}/.fake_fw_testing.framework/.fake_fw_testing\"\n\n\n# Build embedded framework structure\n\necho \"Build Embedded Framework\"\n\necho rm -rf \"${BUILT_PRODUCTS_DIR}/${PRODUCT_NAME}.embeddedframework\"\nrm -rf \"${BUILT_PRODUCTS_DIR}/${PRODUCT_NAME}.embeddedframework\"\necho mkdir -p \"${BUILT_PRODUCTS_DIR}/${PRODUCT_NAME}.embeddedframework/Resources\"\nmkdir -p \"${BUILT_PRODUCTS_DIR}/${PRODUCT_NAME}.embeddedframework/Resources\"\necho cp -a \"${BUILT_PRODUCTS_DIR}/${WRAPPER_NAME}\" \"${BUILT_PRODUCTS_DIR}/${PRODUCT_NAME}.embeddedframework/\"\ncp -a \"${BUILT_PRODUCTS_DIR}/${WRAPPER_NAME}\" \"${BUILT_PRODUCTS_DIR}/${PRODUCT_NAME}.embeddedframework/\"\n\ndeclare -a UFW_FILE_LIST\nlist_files \"${BUILT_PRODUCTS_DIR}/${UNLOCALIZED_RESOURCES_FOLDER_PATH}\" UFW_FILE_LIST\nfor filename in \"${UFW_FILE_LIST[@]}\"\ndo\n    if [[ \"${filename}\" != \"Info.plist\" ]] && [[ ! \"${filename}\" =~ .*\\.lproj$ ]]\n    then\n        echo ln -sfh \"../${WRAPPER_NAME}/Resources/${filename}\" \"${BUILT_PRODUCTS_DIR}/${PRODUCT_NAME}.embeddedframework/Resources/${filename}\"\n        ln -sfh \"../${WRAPPER_NAME}/Resources/${filename}\" \"${BUILT_PRODUCTS_DIR}/${PRODUCT_NAME}.embeddedframework/Resources/${filename}\"\n    fi\ndone\n\n\n# Replace other platform's framework with a copy of this one (so that both have the same universal binary)\n\necho \"Copy from $UFW_SDK_PLATFORM to $UFW_OTHER_PLATFORM\"\n\necho rm -rf \"${BUILD_DIR}/${CONFIGURATION}-${UFW_OTHER_PLATFORM}\"\nrm -rf \"${BUILD_DIR}/${CONFIGURATION}-${UFW_OTHER_PLATFORM}\"\necho cp -a \"${BUILD_DIR}/${CONFIGURATION}-${UFW_SDK_PLATFORM}\" \"${BUILD_DIR}/${CONFIGURATION}-${UFW_OTHER_PLATFORM}\"\ncp -a \"${BUILD_DIR}/${CONFIGURATION}-${UFW_SDK_PLATFORM}\" \"${BUILD_DIR}/${CONFIGURATION}-${UFW_OTHER_PLATFORM}\"\n";
		};
/* End PBXShellScriptBuildPhase section */

/* Begin PBXSourcesBuildPhase section */
		C97C9A1816174F570016CF62 /* Sources */ = {
			isa = PBXSourcesBuildPhase;
			buildActionMask = 2147483647;
			files = (
				C97C9A2916174F7F0016CF62 /* test.cpp in Sources */,
			);
			runOnlyForDeploymentPostprocessing = 0;
		};
		C9BFC3C5152B62F200692B07 /* Sources */ = {
			isa = PBXSourcesBuildPhase;
			buildActionMask = 2147483647;
			files = (
				C905003715DD9DE100E6683D /* body.cpp in Sources */,
				C905003815DD9DE100E6683D /* circleshape.cpp in Sources */,
				C905003915DD9DE100E6683D /* polyshape.cpp in Sources */,
				C905003A15DD9DE100E6683D /* segmentshape.cpp in Sources */,
				C905003B15DD9DE100E6683D /* shape.cpp in Sources */,
				C905003C15DD9DE100E6683D /* space.cpp in Sources */,
				C905003D15DD9DE100E6683D /* types.cpp in Sources */,
				C905003E15DD9DE100E6683D /* vect.cpp in Sources */,
				C9BFC3FE152B645700692B07 /* chipmunk.cpp in Sources */,
				C906FEAD16235BDF0094E097 /* bb.cpp in Sources */,
			);
			runOnlyForDeploymentPostprocessing = 0;
		};
		C9C95B5E1529C2AB008EA579 /* Sources */ = {
			isa = PBXSourcesBuildPhase;
			buildActionMask = 2147483647;
			files = (
				C9C95B8F1529C2E4008EA579 /* chipmunk.cpp in Sources */,
				C905002515DD9D7000E6683D /* body.cpp in Sources */,
				C905002715DD9D7000E6683D /* circleshape.cpp in Sources */,
				C905002A15DD9D7000E6683D /* polyshape.cpp in Sources */,
				C905002D15DD9D7000E6683D /* segmentshape.cpp in Sources */,
				C905002F15DD9D7000E6683D /* shape.cpp in Sources */,
				C905003115DD9D7000E6683D /* space.cpp in Sources */,
				C905003315DD9D7000E6683D /* types.cpp in Sources */,
				C905003515DD9D7000E6683D /* vect.cpp in Sources */,
				C906FEAC16235BDF0094E097 /* bb.cpp in Sources */,
			);
			runOnlyForDeploymentPostprocessing = 0;
		};
/* End PBXSourcesBuildPhase section */

/* Begin PBXVariantGroup section */
		C9BFC3D5152B62F200692B07 /* InfoPlist.strings */ = {
			isa = PBXVariantGroup;
			children = (
				C9BFC3D6152B62F200692B07 /* en */,
			);
			name = InfoPlist.strings;
			sourceTree = "<group>";
		};
		C9C95B691529C2AB008EA579 /* InfoPlist.strings */ = {
			isa = PBXVariantGroup;
			children = (
				C9C95B6A1529C2AB008EA579 /* en */,
			);
			name = InfoPlist.strings;
			sourceTree = "<group>";
		};
/* End PBXVariantGroup section */

/* Begin XCBuildConfiguration section */
		C97C9A2316174F570016CF62 /* Debug */ = {
			isa = XCBuildConfiguration;
			buildSettings = {
				ARCHS = "$(ARCHS_STANDARD_64_BIT)";
				CLANG_CXX_LANGUAGE_STANDARD = "gnu++0x";
				CLANG_CXX_LIBRARY = "libc++";
				CLANG_WARN_EMPTY_BODY = YES;
				CLANG_WARN__DUPLICATE_METHOD_MATCH = YES;
				GCC_ENABLE_OBJC_EXCEPTIONS = YES;
				GCC_SYMBOLS_PRIVATE_EXTERN = NO;
				GCC_WARN_64_TO_32_BIT_CONVERSION = YES;
				HEADER_SEARCH_PATHS = (
					../chipmunk/include/chipmunk,
					../include,
					../src,
				);
				LIBRARY_SEARCH_PATHS = (
					"$(inherited)",
					"\"$(SRCROOT)/../chipmunk/src\"",
				);
				MACOSX_DEPLOYMENT_TARGET = 10.7;
				ONLY_ACTIVE_ARCH = YES;
				PRODUCT_NAME = "$(TARGET_NAME)";
				SDKROOT = macosx;
			};
			name = Debug;
		};
		C97C9A2416174F570016CF62 /* Release */ = {
			isa = XCBuildConfiguration;
			buildSettings = {
				ARCHS = "$(ARCHS_STANDARD_64_BIT)";
				CLANG_CXX_LANGUAGE_STANDARD = "gnu++0x";
				CLANG_CXX_LIBRARY = "libc++";
				CLANG_WARN_EMPTY_BODY = YES;
				CLANG_WARN__DUPLICATE_METHOD_MATCH = YES;
				DEBUG_INFORMATION_FORMAT = "dwarf-with-dsym";
				GCC_ENABLE_OBJC_EXCEPTIONS = YES;
				GCC_WARN_64_TO_32_BIT_CONVERSION = YES;
				HEADER_SEARCH_PATHS = (
					../chipmunk/include/chipmunk,
					../include,
					../src,
				);
				LIBRARY_SEARCH_PATHS = (
					"$(inherited)",
					"\"$(SRCROOT)/../chipmunk/src\"",
				);
				MACOSX_DEPLOYMENT_TARGET = 10.7;
				PRODUCT_NAME = "$(TARGET_NAME)";
				SDKROOT = macosx;
			};
			name = Release;
		};
		C99DC5501528D18100779081 /* Debug */ = {
			isa = XCBuildConfiguration;
			buildSettings = {
				ALWAYS_SEARCH_USER_PATHS = NO;
				ARCHS = "$(ARCHS_STANDARD_32_BIT)";
				CLANG_CXX_LANGUAGE_STANDARD = "c++0x";
				CLANG_ENABLE_OBJC_ARC = YES;
				COPY_PHASE_STRIP = NO;
				GCC_C_LANGUAGE_STANDARD = gnu99;
				GCC_DYNAMIC_NO_PIC = NO;
				GCC_OPTIMIZATION_LEVEL = 0;
				GCC_PREPROCESSOR_DEFINITIONS = (
					"DEBUG=1",
					"$(inherited)",
				);
				GCC_SYMBOLS_PRIVATE_EXTERN = YES;
				GCC_VERSION = com.apple.compilers.llvm.clang.1_0;
				GCC_WARN_ABOUT_RETURN_TYPE = YES;
				GCC_WARN_UNINITIALIZED_AUTOS = YES;
				GCC_WARN_UNUSED_VARIABLE = YES;
				HEADER_SEARCH_PATHS = (
					../chipmunk/include/chipmunk,
					../include,
				);
				IPHONEOS_DEPLOYMENT_TARGET = 5.1;
				SDKROOT = iphoneos;
				VALID_ARCHS = "armv7 i386 x86_64";
			};
			name = Debug;
		};
		C99DC5511528D18100779081 /* Release */ = {
			isa = XCBuildConfiguration;
			buildSettings = {
				ALWAYS_SEARCH_USER_PATHS = NO;
				ARCHS = "$(ARCHS_STANDARD_32_BIT)";
				CLANG_CXX_LANGUAGE_STANDARD = "c++0x";
				CLANG_ENABLE_OBJC_ARC = YES;
				COPY_PHASE_STRIP = YES;
				GCC_C_LANGUAGE_STANDARD = gnu99;
				GCC_PREPROCESSOR_DEFINITIONS = "NDEBUG=1";
				GCC_SYMBOLS_PRIVATE_EXTERN = YES;
				GCC_VERSION = com.apple.compilers.llvm.clang.1_0;
				GCC_WARN_ABOUT_RETURN_TYPE = YES;
				GCC_WARN_UNINITIALIZED_AUTOS = YES;
				GCC_WARN_UNUSED_VARIABLE = YES;
				HEADER_SEARCH_PATHS = (
					../chipmunk/include/chipmunk,
					../include,
				);
				IPHONEOS_DEPLOYMENT_TARGET = 5.1;
				SDKROOT = iphoneos;
				VALIDATE_PRODUCT = YES;
				VALID_ARCHS = "armv7 i386 x86_64";
			};
			name = Release;
		};
		C9BFC3DC152B62F200692B07 /* Debug */ = {
			isa = XCBuildConfiguration;
			buildSettings = {
				ARCHS = "$(ARCHS_STANDARD_64_BIT)";
				CLANG_CXX_LIBRARY = "libc++";
				COMBINE_HIDPI_IMAGES = YES;
				DYLIB_COMPATIBILITY_VERSION = 1;
				DYLIB_CURRENT_VERSION = 1;
				FRAMEWORK_SEARCH_PATHS = (
					"$(inherited)",
					"\"$(SYSTEM_APPS_DIR)/Xcode.app/Contents/Developer/Library/Frameworks\"",
				);
				FRAMEWORK_VERSION = A;
				GCC_ENABLE_OBJC_EXCEPTIONS = YES;
				GCC_PRECOMPILE_PREFIX_HEADER = YES;
				GCC_PREFIX_HEADER = "chipmunk++-mac/chipmunk++-mac-Prefix.pch";
				GCC_WARN_64_TO_32_BIT_CONVERSION = YES;
				HEADER_SEARCH_PATHS = (
					../chipmunk/include/chipmunk,
					../include,
				);
				INFOPLIST_FILE = "chipmunk++-mac/chipmunk++-mac-Info.plist";
				LIBRARY_SEARCH_PATHS = (
					"$(inherited)",
					"\"$(SRCROOT)/../chipmunk/src\"",
				);
				MACOSX_DEPLOYMENT_TARGET = 10.7;
				ONLY_ACTIVE_ARCH = YES;
				PRODUCT_NAME = "$(TARGET_NAME)";
				SDKROOT = macosx;
				WRAPPER_EXTENSION = framework;
			};
			name = Debug;
		};
		C9BFC3DD152B62F200692B07 /* Release */ = {
			isa = XCBuildConfiguration;
			buildSettings = {
				ARCHS = "$(ARCHS_STANDARD_64_BIT)";
				CLANG_CXX_LIBRARY = "libc++";
				COMBINE_HIDPI_IMAGES = YES;
				DEBUG_INFORMATION_FORMAT = "dwarf-with-dsym";
				DYLIB_COMPATIBILITY_VERSION = 1;
				DYLIB_CURRENT_VERSION = 1;
				FRAMEWORK_SEARCH_PATHS = (
					"$(inherited)",
					"\"$(SYSTEM_APPS_DIR)/Xcode.app/Contents/Developer/Library/Frameworks\"",
				);
				FRAMEWORK_VERSION = A;
				GCC_ENABLE_OBJC_EXCEPTIONS = YES;
				GCC_PRECOMPILE_PREFIX_HEADER = YES;
				GCC_PREFIX_HEADER = "chipmunk++-mac/chipmunk++-mac-Prefix.pch";
				GCC_WARN_64_TO_32_BIT_CONVERSION = YES;
				HEADER_SEARCH_PATHS = (
					../chipmunk/include/chipmunk,
					../include,
				);
				INFOPLIST_FILE = "chipmunk++-mac/chipmunk++-mac-Info.plist";
				LIBRARY_SEARCH_PATHS = (
					"$(inherited)",
					"\"$(SRCROOT)/../chipmunk/src\"",
				);
				MACOSX_DEPLOYMENT_TARGET = 10.7;
				PRODUCT_NAME = "$(TARGET_NAME)";
				SDKROOT = macosx;
				WRAPPER_EXTENSION = framework;
			};
			name = Release;
		};
		C9C95B6D1529C2AB008EA579 /* Debug */ = {
			isa = XCBuildConfiguration;
			buildSettings = {
				CONTENTS_FOLDER_PATH = "$(WRAPPER_NAME)/Versions/$(FRAMEWORK_VERSION)";
				DEAD_CODE_STRIPPING = NO;
				DYLIB_COMPATIBILITY_VERSION = 1;
				DYLIB_CURRENT_VERSION = 1;
				FRAMEWORK_VERSION = A;
				GCC_PRECOMPILE_PREFIX_HEADER = YES;
				GCC_PREFIX_HEADER = "chipmunk++/chipmunk++-Prefix.pch";
				GCC_PREPROCESSOR_DEFINITIONS = (
					"IOS=1",
					"$(inherited)",
					"CHIPMUNKPP_BOOST=1",
				);
				HEADER_SEARCH_PATHS = (
					../chipmunk/include/chipmunk,
					../include,
					"../../boost-libs/include",
				);
				INFOPLIST_FILE = "chipmunk++/chipmunk++-Info.plist";
				INFOPLIST_PATH = "$(UNLOCALIZED_RESOURCES_FOLDER_PATH)/Info.plist";
				INSTALL_PATH = "$(BUILT_PRODUCTS_DIR)";
				LINK_WITH_STANDARD_LIBRARIES = NO;
				MACH_O_TYPE = mh_object;
				PRODUCT_NAME = "$(TARGET_NAME)";
				SKIP_INSTALL = YES;
				UNLOCALIZED_RESOURCES_FOLDER_PATH = "$(CONTENTS_FOLDER_PATH)/Resources";
				WRAPPER_EXTENSION = framework;
			};
			name = Debug;
		};
		C9C95B6E1529C2AB008EA579 /* Release */ = {
			isa = XCBuildConfiguration;
			buildSettings = {
				CONTENTS_FOLDER_PATH = "$(WRAPPER_NAME)/Versions/$(FRAMEWORK_VERSION)";
				DEAD_CODE_STRIPPING = NO;
				DYLIB_COMPATIBILITY_VERSION = 1;
				DYLIB_CURRENT_VERSION = 1;
				FRAMEWORK_VERSION = A;
				GCC_PRECOMPILE_PREFIX_HEADER = YES;
				GCC_PREFIX_HEADER = "chipmunk++/chipmunk++-Prefix.pch";
				GCC_PREPROCESSOR_DEFINITIONS = (
					"$(inherited)",
					"CHIPMUNKPP_BOOST=1",
					"IOS=1",
				);
				HEADER_SEARCH_PATHS = (
					../chipmunk/include/chipmunk,
					../include,
					"../../boost-libs/include",
				);
				INFOPLIST_FILE = "chipmunk++/chipmunk++-Info.plist";
				INFOPLIST_PATH = "$(UNLOCALIZED_RESOURCES_FOLDER_PATH)/Info.plist";
				INSTALL_PATH = "$(BUILT_PRODUCTS_DIR)";
				LINK_WITH_STANDARD_LIBRARIES = NO;
				MACH_O_TYPE = mh_object;
				PRODUCT_NAME = "$(TARGET_NAME)";
				SKIP_INSTALL = YES;
				UNLOCALIZED_RESOURCES_FOLDER_PATH = "$(CONTENTS_FOLDER_PATH)/Resources";
				WRAPPER_EXTENSION = framework;
			};
			name = Release;
		};
/* End XCBuildConfiguration section */

/* Begin XCConfigurationList section */
		C97C9A2516174F570016CF62 /* Build configuration list for PBXNativeTarget "Test" */ = {
			isa = XCConfigurationList;
			buildConfigurations = (
				C97C9A2316174F570016CF62 /* Debug */,
				C97C9A2416174F570016CF62 /* Release */,
			);
			defaultConfigurationIsVisible = 0;
			defaultConfigurationName = Release;
		};
		C99DC53F1528D18100779081 /* Build configuration list for PBXProject "chipmunkpp" */ = {
			isa = XCConfigurationList;
			buildConfigurations = (
				C99DC5501528D18100779081 /* Debug */,
				C99DC5511528D18100779081 /* Release */,
			);
			defaultConfigurationIsVisible = 0;
			defaultConfigurationName = Release;
		};
		C9BFC3DE152B62F200692B07 /* Build configuration list for PBXNativeTarget "chipmunk++-mac" */ = {
			isa = XCConfigurationList;
			buildConfigurations = (
				C9BFC3DC152B62F200692B07 /* Debug */,
				C9BFC3DD152B62F200692B07 /* Release */,
			);
			defaultConfigurationIsVisible = 0;
			defaultConfigurationName = Release;
		};
		C9C95B6F1529C2AB008EA579 /* Build configuration list for PBXNativeTarget "chipmunk++" */ = {
			isa = XCConfigurationList;
			buildConfigurations = (
				C9C95B6D1529C2AB008EA579 /* Debug */,
				C9C95B6E1529C2AB008EA579 /* Release */,
			);
			defaultConfigurationIsVisible = 0;
			defaultConfigurationName = Release;
		};
/* End XCConfigurationList section */
	};
	rootObject = C99DC53C1528D18100779081 /* Project object */;
}
